{
  "name": "saligrama.github.io",
  "lockfileVersion": 3,
  "requires": true,
  "packages": {
    "": {
      "dependencies": {
        "@flaregun-net/proxyflare-for-pages": "^0.1.0"
      }
    },
    "node_modules/@cloudflare/workers-types": {
      "version": "3.14.0",
      "resolved": "https://registry.npmjs.org/@cloudflare/workers-types/-/workers-types-3.14.0.tgz",
      "integrity": "sha512-F6lZuzu/vNl9AxOq1U3x2UCi68bcE1O59cKGQ5ntRh3lGQfd3vers6NUag02T7P+qFCHaAp78QN6fRmq12Y3iA==",
      "peer": true
    },
    "node_modules/@flaregun-net/proxyflare-for-pages": {
      "version": "0.1.0",
      "resolved": "https://registry.npmjs.org/@flaregun-net/proxyflare-for-pages/-/proxyflare-for-pages-0.1.0.tgz",
      "integrity": "sha512-uVZ4s1GxpYJ+InnXLTczHqjrIUSWqxiHV2I6NQj4AVyV5ZozbMhuFXETpnk0IT5a4aRXew7rGMuYr4hzsu0T+g==",
      "peerDependencies": {
        "@cloudflare/workers-types": "3.14.0"
      }
    }
  }
}
